
Microsoft Visual Studio Solution File, Format Version 12.00
# Visual Studio Version 17
VisualStudioVersion = 17.0.31903.59
MinimumVisualStudioVersion = 10.0.40219.1
Project("{FAE04EC0-301F-11D3-BF4B-00C04F79EFBC}") = "WebApp.ServiceDefaults", "WebApp.ServiceDefaults\WebApp.ServiceDefaults.csproj", "{BE2D3465-5F63-43DC-A4A7-3596AB4096BC}"
EndProject
Project("{FAE04EC0-301F-11D3-BF4B-00C04F79EFBC}") = "WebApp.Api", "WebApp.Api\WebApp.Api.csproj", "{57812A12-8EB0-41D2-A2D7-55B6494A76F8}"
EndProject
Project("{FAE04EC0-301F-11D3-BF4B-00C04F79EFBC}") = "WebApp.Api.Tests", "WebApp.Api.Tests\WebApp.Api.Tests.csproj", "{169FB58D-E0B6-4FB3-B947-853B31E3575F}"
EndProject
Global
	GlobalSection(SolutionConfigurationPlatforms) = preSolution
		Debug|Any CPU = Debug|Any CPU
		Debug|x64 = Debug|x64
		Debug|x86 = Debug|x86
		Release|Any CPU = Release|Any CPU
		Release|x64 = Release|x64
		Release|x86 = Release|x86
	EndGlobalSection
	GlobalSection(ProjectConfigurationPlatforms) = postSolution
		{BE2D3465-5F63-43DC-A4A7-3596AB4096BC}.Debug|Any CPU.ActiveCfg = Debug|Any CPU
		{BE2D3465-5F63-43DC-A4A7-3596AB4096BC}.Debug|Any CPU.Build.0 = Debug|Any CPU
		{BE2D3465-5F63-43DC-A4A7-3596AB4096BC}.Debug|x64.ActiveCfg = Debug|Any CPU
		{BE2D3465-5F63-43DC-A4A7-3596AB4096BC}.Debug|x64.Build.0 = Debug|Any CPU
		{BE2D3465-5F63-43DC-A4A7-3596AB4096BC}.Debug|x86.ActiveCfg = Debug|Any CPU
		{BE2D3465-5F63-43DC-A4A7-3596AB4096BC}.Debug|x86.Build.0 = Debug|Any CPU
		{BE2D3465-5F63-43DC-A4A7-3596AB4096BC}.Release|Any CPU.ActiveCfg = Release|Any CPU
		{BE2D3465-5F63-43DC-A4A7-3596AB4096BC}.Release|Any CPU.Build.0 = Release|Any CPU
		{BE2D3465-5F63-43DC-A4A7-3596AB4096BC}.Release|x64.ActiveCfg = Release|Any CPU
		{BE2D3465-5F63-43DC-A4A7-3596AB4096BC}.Release|x64.Build.0 = Release|Any CPU
		{BE2D3465-5F63-43DC-A4A7-3596AB4096BC}.Release|x86.ActiveCfg = Release|Any CPU
		{BE2D3465-5F63-43DC-A4A7-3596AB4096BC}.Release|x86.Build.0 = Release|Any CPU
		{57812A12-8EB0-41D2-A2D7-55B6494A76F8}.Debug|Any CPU.ActiveCfg = Debug|Any CPU
		{57812A12-8EB0-41D2-A2D7-55B6494A76F8}.Debug|Any CPU.Build.0 = Debug|Any CPU
		{57812A12-8EB0-41D2-A2D7-55B6494A76F8}.Debug|x64.ActiveCfg = Debug|Any CPU
		{57812A12-8EB0-41D2-A2D7-55B6494A76F8}.Debug|x64.Build.0 = Debug|Any CPU
		{57812A12-8EB0-41D2-A2D7-55B6494A76F8}.Debug|x86.ActiveCfg = Debug|Any CPU
		{57812A12-8EB0-41D2-A2D7-55B6494A76F8}.Debug|x86.Build.0 = Debug|Any CPU
		{57812A12-8EB0-41D2-A2D7-55B6494A76F8}.Release|Any CPU.ActiveCfg = Release|Any CPU
		{57812A12-8EB0-41D2-A2D7-55B6494A76F8}.Release|Any CPU.Build.0 = Release|Any CPU
		{57812A12-8EB0-41D2-A2D7-55B6494A76F8}.Release|x64.ActiveCfg = Release|Any CPU
		{57812A12-8EB0-41D2-A2D7-55B6494A76F8}.Release|x64.Build.0 = Release|Any CPU
		{57812A12-8EB0-41D2-A2D7-55B6494A76F8}.Release|x86.ActiveCfg = Release|Any CPU
		{57812A12-8EB0-41D2-A2D7-55B6494A76F8}.Release|x86.Build.0 = Release|Any CPU
		{169FB58D-E0B6-4FB3-B947-853B31E3575F}.Debug|Any CPU.ActiveCfg = Debug|Any CPU
		{169FB58D-E0B6-4FB3-B947-853B31E3575F}.Debug|Any CPU.Build.0 = Debug|Any CPU
		{169FB58D-E0B6-4FB3-B947-853B31E3575F}.Debug|x64.ActiveCfg = Debug|Any CPU
		{169FB58D-E0B6-4FB3-B947-853B31E3575F}.Debug|x64.Build.0 = Debug|Any CPU
		{169FB58D-E0B6-4FB3-B947-853B31E3575F}.Debug|x86.ActiveCfg = Debug|Any CPU
		{169FB58D-E0B6-4FB3-B947-853B31E3575F}.Debug|x86.Build.0 = Debug|Any CPU
		{169FB58D-E0B6-4FB3-B947-853B31E3575F}.Release|Any CPU.ActiveCfg = Release|Any CPU
		{169FB58D-E0B6-4FB3-B947-853B31E3575F}.Release|Any CPU.Build.0 = Release|Any CPU
		{169FB58D-E0B6-4FB3-B947-853B31E3575F}.Release|x64.ActiveCfg = Release|Any CPU
		{169FB58D-E0B6-4FB3-B947-853B31E3575F}.Release|x64.Build.0 = Release|Any CPU
		{169FB58D-E0B6-4FB3-B947-853B31E3575F}.Release|x86.ActiveCfg = Release|Any CPU
		{169FB58D-E0B6-4FB3-B947-853B31E3575F}.Release|x86.Build.0 = Release|Any CPU
	EndGlobalSection
	GlobalSection(SolutionProperties) = preSolution
		HideSolutionNode = FALSE
	EndGlobalSection
EndGlobal
